
Microsoft Visual Studio Solution File, Format Version 12.00
# Visual Studio 15
VisualStudioVersion = 15.0.27004.2002
MinimumVisualStudioVersion = 10.0.40219.1
Project("{FAE04EC0-301F-11D3-BF4B-00C04F79EFBC}") = "MVCDemo", "MVCDemo\MVCDemo.csproj", "{A4539640-7C49-472F-8F93-798DEE7429BE}"
EndProject
Global
	GlobalSection(SolutionConfigurationPlatforms) = preSolution
		Debug|Any CPU = Debug|Any CPU
		Release|Any CPU = Release|Any CPU
	EndGlobalSection
	GlobalSection(ProjectConfigurationPlatforms) = postSolution
		{A4539640-7C49-472F-8F93-798DEE7429BE}.Debug|Any CPU.ActiveCfg = Debug|Any CPU
		{A4539640-7C49-472F-8F93-798DEE7429BE}.Debug|Any CPU.Build.0 = Debug|Any CPU
		{A4539640-7C49-472F-8F93-798DEE7429BE}.Release|Any CPU.ActiveCfg = Release|Any CPU
		{A4539640-7C49-472F-8F93-798DEE7429BE}.Release|Any CPU.Build.0 = Release|Any CPU
	EndGlobalSection
	GlobalSection(SolutionProperties) = preSolution
		HideSolutionNode = FALSE
	EndGlobalSection
	GlobalSection(ExtensibilityGlobals) = postSolution
		SolutionGuid = {A32B4757-8F71-419D-994B-FF1B6F744CB5}
	EndGlobalSection
EndGlobal
